{
  "object": {
    "pins": [
      {
        "package": "Kingfisher",
        "repositoryURL": "https://github.com/onevcat/Kingfisher.git",
        "state": {
          "branch": "master",
          "revision": "c7deab70ca2caa98b9ca54cbb865812eac617751",
          "version": null
        }
      }
    ]
  },
  "version": 1
}
